PODS:
  - TKSubmitTransition (3.1.1)

DEPENDENCIES:
  - TKSubmitTransition (from `https://github.com/entotsu/TKSubmitTransition.git`)

EXTERNAL SOURCES:
  TKSubmitTransition:
    :git: https://github.com/entotsu/TKSubmitTransition.git

CHECKOUT OPTIONS:
  TKSubmitTransition:
    :commit: 1960d8e644c2dd3aa4585b6ed562f90ec8e13065
    :git: https://github.com/entotsu/TKSubmitTransition.git

SPEC CHECKSUMS:
  TKSubmitTransition: 644b99291e301a03227fdb9f5709d81e09f6ad18

PODFILE CHECKSUM: 581f62822e3c170819c68f6925ba580cb96b9ae6

COCOAPODS: 1.11.2
