// !$*UTF8*$!
{
	archiveVersion = 1;
	classes = {
	};
	objectVersion = 55;
	objects = {

/* Begin PBXBuildFile section */
		A83047322770A1B5003BCF52 /* AppDelegate.swift in Sources */ = {isa = PBXBuildFile; fileRef = A83047312770A1B5003BCF52 /* AppDelegate.swift */; };
		A83047342770A1B5003BCF52 /* SceneDelegate.swift in Sources */ = {isa = PBXBuildFile; fileRef = A83047332770A1B5003BCF52 /* SceneDelegate.swift */; };
		A83047362770A1B5003BCF52 /* PostsVC.swift in Sources */ = {isa = PBXBuildFile; fileRef = A83047352770A1B5003BCF52 /* PostsVC.swift */; };
		A83047392770A1B5003BCF52 /* Main.storyboard in Resources */ = {isa = PBXBuildFile; fileRef = A83047372770A1B5003BCF52 /* Main.storyboard */; };
		A830473B2770A1B6003BCF52 /* Assets.xcassets in Resources */ = {isa = PBXBuildFile; fileRef = A830473A2770A1B6003BCF52 /* Assets.xcassets */; };
		A830473E2770A1B6003BCF52 /* LaunchScreen.storyboard in Resources */ = {isa = PBXBuildFile; fileRef = A830473C2770A1B6003BCF52 /* LaunchScreen.storyboard */; };
		A83047472770A260003BCF52 /* Alamofire in Frameworks */ = {isa = PBXBuildFile; productRef = A83047462770A260003BCF52 /* Alamofire */; };
		A830474A2770A33D003BCF52 /* SwiftyJSON in Frameworks */ = {isa = PBXBuildFile; productRef = A83047492770A33D003BCF52 /* SwiftyJSON */; };
		A89A0F232777705200656018 /* PostDetailsVC.swift in Sources */ = {isa = PBXBuildFile; fileRef = A89A0F222777705200656018 /* PostDetailsVC.swift */; };
		A89A0F252777B3B100656018 /* Comment.swift in Sources */ = {isa = PBXBuildFile; fileRef = A89A0F242777B3B100656018 /* Comment.swift */; };
		A89A0F292777B6DC00656018 /* CommentCell.swift in Sources */ = {isa = PBXBuildFile; fileRef = A89A0F282777B6DC00656018 /* CommentCell.swift */; };
		A89A0F2C2777F64700656018 /* UImage+StringUrlToImage.swift in Sources */ = {isa = PBXBuildFile; fileRef = A89A0F2B2777F64700656018 /* UImage+StringUrlToImage.swift */; };
		A89A0F2F2778042C00656018 /* NVActivityIndicatorView in Frameworks */ = {isa = PBXBuildFile; productRef = A89A0F2E2778042C00656018 /* NVActivityIndicatorView */; };
		A89A0F312778042C00656018 /* NVActivityIndicatorViewExtended in Frameworks */ = {isa = PBXBuildFile; productRef = A89A0F302778042C00656018 /* NVActivityIndicatorViewExtended */; };
		A89A0F332778122A00656018 /* ShadowView.swift in Sources */ = {isa = PBXBuildFile; fileRef = A89A0F322778122A00656018 /* ShadowView.swift */; };
		A89A0F352778145F00656018 /* CurvatImageView.swift in Sources */ = {isa = PBXBuildFile; fileRef = A89A0F342778145F00656018 /* CurvatImageView.swift */; };
		A89A0F3727783D5900656018 /* ProfileVC.swift in Sources */ = {isa = PBXBuildFile; fileRef = A89A0F3627783D5900656018 /* ProfileVC.swift */; };
		A89A0F39277852C000656018 /* Location.swift in Sources */ = {isa = PBXBuildFile; fileRef = A89A0F38277852C000656018 /* Location.swift */; };
		A8C5566C2772255000122150 /* Post.swift in Sources */ = {isa = PBXBuildFile; fileRef = A8C5566B2772255000122150 /* Post.swift */; };
		A8C5566E2776A61300122150 /* PostCell.swift in Sources */ = {isa = PBXBuildFile; fileRef = A8C5566D2776A61200122150 /* PostCell.swift */; };
		A8C556702776C58200122150 /* User.swift in Sources */ = {isa = PBXBuildFile; fileRef = A8C5566F2776C58200122150 /* User.swift */; };
/* End PBXBuildFile section */

/* Begin PBXFileReference section */
		A830472E2770A1B5003BCF52 /* FINAL_PROJECT.app */ = {isa = PBXFileReference; explicitFileType = wrapper.application; includeInIndex = 0; path = FINAL_PROJECT.app; sourceTree = BUILT_PRODUCTS_DIR; };
		A83047312770A1B5003BCF52 /* AppDelegate.swift */ = {isa = PBXFileReference; lastKnownFileType = sourcecode.swift; path = AppDelegate.swift; sourceTree = "<group>"; };
		A83047332770A1B5003BCF52 /* SceneDelegate.swift */ = {isa = PBXFileReference; lastKnownFileType = sourcecode.swift; path = SceneDelegate.swift; sourceTree = "<group>"; };
		A83047352770A1B5003BCF52 /* PostsVC.swift */ = {isa = PBXFileReference; lastKnownFileType = sourcecode.swift; path = PostsVC.swift; sourceTree = "<group>"; };
		A83047382770A1B5003BCF52 /* Base */ = {isa = PBXFileReference; lastKnownFileType = file.storyboard; name = Base; path = Base.lproj/Main.storyboard; sourceTree = "<group>"; };
		A830473A2770A1B6003BCF52 /* Assets.xcassets */ = {isa = PBXFileReference; lastKnownFileType = folder.assetcatalog; path = Assets.xcassets; sourceTree = "<group>"; };
		A830473D2770A1B6003BCF52 /* Base */ = {isa = PBXFileReference; lastKnownFileType = file.storyboard; name = Base; path = Base.lproj/LaunchScreen.storyboard; sourceTree = "<group>"; };
		A830473F2770A1B6003BCF52 /* Info.plist */ = {isa = PBXFileReference; lastKnownFileType = text.plist.xml; path = Info.plist; sourceTree = "<group>"; };
		A89A0F222777705200656018 /* PostDetailsVC.swift */ = {isa = PBXFileReference; lastKnownFileType = sourcecode.swift; path = PostDetailsVC.swift; sourceTree = "<group>"; };
		A89A0F242777B3B100656018 /* Comment.swift */ = {isa = PBXFileReference; lastKnownFileType = sourcecode.swift; path = Comment.swift; sourceTree = "<group>"; };
		A89A0F282777B6DC00656018 /* CommentCell.swift */ = {isa = PBXFileReference; lastKnownFileType = sourcecode.swift; path = CommentCell.swift; sourceTree = "<group>"; };
		A89A0F2B2777F64700656018 /* UImage+StringUrlToImage.swift */ = {isa = PBXFileReference; lastKnownFileType = sourcecode.swift; path = "UImage+StringUrlToImage.swift"; sourceTree = "<group>"; };
		A89A0F322778122A00656018 /* ShadowView.swift */ = {isa = PBXFileReference; lastKnownFileType = sourcecode.swift; path = ShadowView.swift; sourceTree = "<group>"; };
		A89A0F342778145F00656018 /* CurvatImageView.swift */ = {isa = PBXFileReference; lastKnownFileType = sourcecode.swift; path = CurvatImageView.swift; sourceTree = "<group>"; };
		A89A0F3627783D5900656018 /* ProfileVC.swift */ = {isa = PBXFileReference; lastKnownFileType = sourcecode.swift; path = ProfileVC.swift; sourceTree = "<group>"; };
		A89A0F38277852C000656018 /* Location.swift */ = {isa = PBXFileReference; lastKnownFileType = sourcecode.swift; path = Location.swift; sourceTree = "<group>"; };
		A8C5566B2772255000122150 /* Post.swift */ = {isa = PBXFileReference; lastKnownFileType = sourcecode.swift; path = Post.swift; sourceTree = "<group>"; };
		A8C5566D2776A61200122150 /* PostCell.swift */ = {isa = PBXFileReference; lastKnownFileType = sourcecode.swift; path = PostCell.swift; sourceTree = "<group>"; };
		A8C5566F2776C58200122150 /* User.swift */ = {isa = PBXFileReference; lastKnownFileType = sourcecode.swift; path = User.swift; sourceTree = "<group>"; };
/* End PBXFileReference section */

/* Begin PBXFrameworksBuildPhase section */
		A830472B2770A1B5003BCF52 /* Frameworks */ = {
			isa = PBXFrameworksBuildPhase;
			buildActionMask = 2147483647;
			files = (
				A830474A2770A33D003BCF52 /* SwiftyJSON in Frameworks */,
				A89A0F312778042C00656018 /* NVActivityIndicatorViewExtended in Frameworks */,
				A83047472770A260003BCF52 /* Alamofire in Frameworks */,
				A89A0F2F2778042C00656018 /* NVActivityIndicatorView in Frameworks */,
			);
			runOnlyForDeploymentPostprocessing = 0;
		};
/* End PBXFrameworksBuildPhase section */

/* Begin PBXGroup section */
		A83047252770A1B5003BCF52 = {
			isa = PBXGroup;
			children = (
				A83047302770A1B5003BCF52 /* FINAL_PROJECT */,
				A830472F2770A1B5003BCF52 /* Products */,
			);
			sourceTree = "<group>";
		};
		A830472F2770A1B5003BCF52 /* Products */ = {
			isa = PBXGroup;
			children = (
				A830472E2770A1B5003BCF52 /* FINAL_PROJECT.app */,
			);
			name = Products;
			sourceTree = "<group>";
		};
		A83047302770A1B5003BCF52 /* FINAL_PROJECT */ = {
			isa = PBXGroup;
			children = (
				A89A0F2A2777F5D400656018 /* utilities */,
				A8C5566A27721D6000122150 /* Model */,
				A8C5566927721D4400122150 /* Storge */,
				A8C5566827721D3000122150 /* View */,
				A8C5566727721D0100122150 /* ViewController */,
				A830473F2770A1B6003BCF52 /* Info.plist */,
			);
			path = FINAL_PROJECT;
			sourceTree = "<group>";
		};
		A89A0F2A2777F5D400656018 /* utilities */ = {
			isa = PBXGroup;
			children = (
				A89A0F2B2777F64700656018 /* UImage+StringUrlToImage.swift */,
			);
			path = utilities;
			sourceTree = "<group>";
		};
		A8C5566727721D0100122150 /* ViewController */ = {
			isa = PBXGroup;
			children = (
				A83047352770A1B5003BCF52 /* PostsVC.swift */,
				A89A0F222777705200656018 /* PostDetailsVC.swift */,
				A89A0F3627783D5900656018 /* ProfileVC.swift */,
			);
			path = ViewController;
			sourceTree = "<group>";
		};
		A8C5566827721D3000122150 /* View */ = {
			isa = PBXGroup;
			children = (
				A83047372770A1B5003BCF52 /* Main.storyboard */,
				A830473A2770A1B6003BCF52 /* Assets.xcassets */,
				A830473C2770A1B6003BCF52 /* LaunchScreen.storyboard */,
				A8C5566D2776A61200122150 /* PostCell.swift */,
				A89A0F282777B6DC00656018 /* CommentCell.swift */,
				A89A0F322778122A00656018 /* ShadowView.swift */,
				A89A0F342778145F00656018 /* CurvatImageView.swift */,
			);
			path = View;
			sourceTree = "<group>";
		};
		A8C5566927721D4400122150 /* Storge */ = {
			isa = PBXGroup;
			children = (
				A83047312770A1B5003BCF52 /* AppDelegate.swift */,
				A83047332770A1B5003BCF52 /* SceneDelegate.swift */,
			);
			path = Storge;
			sourceTree = "<group>";
		};
		A8C5566A27721D6000122150 /* Model */ = {
			isa = PBXGroup;
			children = (
				A8C5566B2772255000122150 /* Post.swift */,
				A8C5566F2776C58200122150 /* User.swift */,
				A89A0F242777B3B100656018 /* Comment.swift */,
				A89A0F38277852C000656018 /* Location.swift */,
			);
			path = Model;
			sourceTree = "<group>";
		};
/* End PBXGroup section */

/* Begin PBXNativeTarget section */
		A830472D2770A1B5003BCF52 /* FINAL_PROJECT */ = {
			isa = PBXNativeTarget;
			buildConfigurationList = A83047422770A1B6003BCF52 /* Build configuration list for PBXNativeTarget "FINAL_PROJECT" */;
			buildPhases = (
				A830472A2770A1B5003BCF52 /* Sources */,
				A830472B2770A1B5003BCF52 /* Frameworks */,
				A830472C2770A1B5003BCF52 /* Resources */,
			);
			buildRules = (
			);
			dependencies = (
			);
			name = FINAL_PROJECT;
			packageProductDependencies = (
				A83047462770A260003BCF52 /* Alamofire */,
				A83047492770A33D003BCF52 /* SwiftyJSON */,
				A89A0F2E2778042C00656018 /* NVActivityIndicatorView */,
				A89A0F302778042C00656018 /* NVActivityIndicatorViewExtended */,
			);
			productName = FINAL_PROJECT;
			productReference = A830472E2770A1B5003BCF52 /* FINAL_PROJECT.app */;
			productType = "com.apple.product-type.application";
		};
/* End PBXNativeTarget section */

/* Begin PBXProject section */
		A83047262770A1B5003BCF52 /* Project object */ = {
			isa = PBXProject;
			attributes = {
				BuildIndependentTargetsInParallel = 1;
				LastSwiftUpdateCheck = 1320;
				LastUpgradeCheck = 1320;
				TargetAttributes = {
					A830472D2770A1B5003BCF52 = {
						CreatedOnToolsVersion = 13.2.1;
					};
				};
			};
			buildConfigurationList = A83047292770A1B5003BCF52 /* Build configuration list for PBXProject "FINAL_PROJECT" */;
			compatibilityVersion = "Xcode 13.0";
			developmentRegion = en;
			hasScannedForEncodings = 0;
			knownRegions = (
				en,
				Base,
			);
			mainGroup = A83047252770A1B5003BCF52;
			packageReferences = (
				A83047452770A260003BCF52 /* XCRemoteSwiftPackageReference "Alamofire" */,
				A83047482770A33D003BCF52 /* XCRemoteSwiftPackageReference "SwiftyJSON" */,
				A89A0F2D2778042B00656018 /* XCRemoteSwiftPackageReference "NVActivityIndicatorView" */,
			);
			productRefGroup = A830472F2770A1B5003BCF52 /* Products */;
			projectDirPath = "";
			projectRoot = "";
			targets = (
				A830472D2770A1B5003BCF52 /* FINAL_PROJECT */,
			);
		};
/* End PBXProject section */

/* Begin PBXResourcesBuildPhase section */
		A830472C2770A1B5003BCF52 /* Resources */ = {
			isa = PBXResourcesBuildPhase;
			buildActionMask = 2147483647;
			files = (
				A830473E2770A1B6003BCF52 /* LaunchScreen.storyboard in Resources */,
				A830473B2770A1B6003BCF52 /* Assets.xcassets in Resources */,
				A83047392770A1B5003BCF52 /* Main.storyboard in Resources */,
			);
			runOnlyForDeploymentPostprocessing = 0;
		};
/* End PBXResourcesBuildPhase section */

/* Begin PBXSourcesBuildPhase section */
		A830472A2770A1B5003BCF52 /* Sources */ = {
			isa = PBXSourcesBuildPhase;
			buildActionMask = 2147483647;
			files = (
				A83047362770A1B5003BCF52 /* PostsVC.swift in Sources */,
				A89A0F332778122A00656018 /* ShadowView.swift in Sources */,
				A83047322770A1B5003BCF52 /* AppDelegate.swift in Sources */,
				A8C556702776C58200122150 /* User.swift in Sources */,
				A89A0F252777B3B100656018 /* Comment.swift in Sources */,
				A83047342770A1B5003BCF52 /* SceneDelegate.swift in Sources */,
				A89A0F39277852C000656018 /* Location.swift in Sources */,
				A89A0F292777B6DC00656018 /* CommentCell.swift in Sources */,
				A89A0F352778145F00656018 /* CurvatImageView.swift in Sources */,
				A89A0F3727783D5900656018 /* ProfileVC.swift in Sources */,
				A8C5566C2772255000122150 /* Post.swift in Sources */,
				A89A0F2C2777F64700656018 /* UImage+StringUrlToImage.swift in Sources */,
				A8C5566E2776A61300122150 /* PostCell.swift in Sources */,
				A89A0F232777705200656018 /* PostDetailsVC.swift in Sources */,
			);
			runOnlyForDeploymentPostprocessing = 0;
		};
/* End PBXSourcesBuildPhase section */

/* Begin PBXVariantGroup section */
		A83047372770A1B5003BCF52 /* Main.storyboard */ = {
			isa = PBXVariantGroup;
			children = (
				A83047382770A1B5003BCF52 /* Base */,
			);
			name = Main.storyboard;
			sourceTree = "<group>";
		};
		A830473C2770A1B6003BCF52 /* LaunchScreen.storyboard */ = {
			isa = PBXVariantGroup;
			children = (
				A830473D2770A1B6003BCF52 /* Base */,
			);
			name = LaunchScreen.storyboard;
			sourceTree = "<group>";
		};
/* End PBXVariantGroup section */

/* Begin XCBuildConfiguration section */
		A83047402770A1B6003BCF52 /* Debug */ = {
			isa = XCBuildConfiguration;
			buildSettings = {
				ALWAYS_SEARCH_USER_PATHS = NO;
				CLANG_ANALYZER_NONNULL = YES;
				CLANG_ANALYZER_NUMBER_OBJECT_CONVERSION = YES_AGGRESSIVE;
				CLANG_CXX_LANGUAGE_STANDARD = "gnu++17";
				CLANG_CXX_LIBRARY = "libc++";
				CLANG_ENABLE_MODULES = YES;
				CLANG_ENABLE_OBJC_ARC = YES;
				CLANG_ENABLE_OBJC_WEAK = YES;
				CLANG_WARN_BLOCK_CAPTURE_AUTORELEASING = YES;
				CLANG_WARN_BOOL_CONVERSION = YES;
				CLANG_WARN_COMMA = YES;
				CLANG_WARN_CONSTANT_CONVERSION = YES;
				CLANG_WARN_DEPRECATED_OBJC_IMPLEMENTATIONS = YES;
				CLANG_WARN_DIRECT_OBJC_ISA_USAGE = YES_ERROR;
				CLANG_WARN_DOCUMENTATION_COMMENTS = YES;
				CLANG_WARN_EMPTY_BODY = YES;
				CLANG_WARN_ENUM_CONVERSION = YES;
				CLANG_WARN_INFINITE_RECURSION = YES;
				CLANG_WARN_INT_CONVERSION = YES;
				CLANG_WARN_NON_LITERAL_NULL_CONVERSION = YES;
				CLANG_WARN_OBJC_IMPLICIT_RETAIN_SELF = YES;
				CLANG_WARN_OBJC_LITERAL_CONVERSION = YES;
				CLANG_WARN_OBJC_ROOT_CLASS = YES_ERROR;
				CLANG_WARN_QUOTED_INCLUDE_IN_FRAMEWORK_HEADER = YES;
				CLANG_WARN_RANGE_LOOP_ANALYSIS = YES;
				CLANG_WARN_STRICT_PROTOTYPES = YES;
				CLANG_WARN_SUSPICIOUS_MOVE = YES;
				CLANG_WARN_UNGUARDED_AVAILABILITY = YES_AGGRESSIVE;
				CLANG_WARN_UNREACHABLE_CODE = YES;
				CLANG_WARN__DUPLICATE_METHOD_MATCH = YES;
				COPY_PHASE_STRIP = NO;
				DEBUG_INFORMATION_FORMAT = dwarf;
				ENABLE_STRICT_OBJC_MSGSEND = YES;
				ENABLE_TESTABILITY = YES;
				GCC_C_LANGUAGE_STANDARD = gnu11;
				GCC_DYNAMIC_NO_PIC = NO;
				GCC_NO_COMMON_BLOCKS = YES;
				GCC_OPTIMIZATION_LEVEL = 0;
				GCC_PREPROCESSOR_DEFINITIONS = (
					"DEBUG=1",
					"$(inherited)",
				);
				GCC_WARN_64_TO_32_BIT_CONVERSION = YES;
				GCC_WARN_ABOUT_RETURN_TYPE = YES_ERROR;
				GCC_WARN_UNDECLARED_SELECTOR = YES;
				GCC_WARN_UNINITIALIZED_AUTOS = YES_AGGRESSIVE;
				GCC_WARN_UNUSED_FUNCTION = YES;
				GCC_WARN_UNUSED_VARIABLE = YES;
				IPHONEOS_DEPLOYMENT_TARGET = 15.2;
				MTL_ENABLE_DEBUG_INFO = INCLUDE_SOURCE;
				MTL_FAST_MATH = YES;
				ONLY_ACTIVE_ARCH = YES;
				SDKROOT = iphoneos;
				SWIFT_ACTIVE_COMPILATION_CONDITIONS = DEBUG;
				SWIFT_OPTIMIZATION_LEVEL = "-Onone";
			};
			name = Debug;
		};
		A83047412770A1B6003BCF52 /* Release */ = {
			isa = XCBuildConfiguration;
			buildSettings = {
				ALWAYS_SEARCH_USER_PATHS = NO;
				CLANG_ANALYZER_NONNULL = YES;
				CLANG_ANALYZER_NUMBER_OBJECT_CONVERSION = YES_AGGRESSIVE;
				CLANG_CXX_LANGUAGE_STANDARD = "gnu++17";
				CLANG_CXX_LIBRARY = "libc++";
				CLANG_ENABLE_MODULES = YES;
				CLANG_ENABLE_OBJC_ARC = YES;
				CLANG_ENABLE_OBJC_WEAK = YES;
				CLANG_WARN_BLOCK_CAPTURE_AUTORELEASING = YES;
				CLANG_WARN_BOOL_CONVERSION = YES;
				CLANG_WARN_COMMA = YES;
				CLANG_WARN_CONSTANT_CONVERSION = YES;
				CLANG_WARN_DEPRECATED_OBJC_IMPLEMENTATIONS = YES;
				CLANG_WARN_DIRECT_OBJC_ISA_USAGE = YES_ERROR;
				CLANG_WARN_DOCUMENTATION_COMMENTS = YES;
				CLANG_WARN_EMPTY_BODY = YES;
				CLANG_WARN_ENUM_CONVERSION = YES;
				CLANG_WARN_INFINITE_RECURSION = YES;
				CLANG_WARN_INT_CONVERSION = YES;
				CLANG_WARN_NON_LITERAL_NULL_CONVERSION = YES;
				CLANG_WARN_OBJC_IMPLICIT_RETAIN_SELF = YES;
				CLANG_WARN_OBJC_LITERAL_CONVERSION = YES;
				CLANG_WARN_OBJC_ROOT_CLASS = YES_ERROR;
				CLANG_WARN_QUOTED_INCLUDE_IN_FRAMEWORK_HEADER = YES;
				CLANG_WARN_RANGE_LOOP_ANALYSIS = YES;
				CLANG_WARN_STRICT_PROTOTYPES = YES;
				CLANG_WARN_SUSPICIOUS_MOVE = YES;
				CLANG_WARN_UNGUARDED_AVAILABILITY = YES_AGGRESSIVE;
				CLANG_WARN_UNREACHABLE_CODE = YES;
				CLANG_WARN__DUPLICATE_METHOD_MATCH = YES;
				COPY_PHASE_STRIP = NO;
				DEBUG_INFORMATION_FORMAT = "dwarf-with-dsym";
				ENABLE_NS_ASSERTIONS = NO;
				ENABLE_STRICT_OBJC_MSGSEND = YES;
				GCC_C_LANGUAGE_STANDARD = gnu11;
				GCC_NO_COMMON_BLOCKS = YES;
				GCC_WARN_64_TO_32_BIT_CONVERSION = YES;
				GCC_WARN_ABOUT_RETURN_TYPE = YES_ERROR;
				GCC_WARN_UNDECLARED_SELECTOR = YES;
				GCC_WARN_UNINITIALIZED_AUTOS = YES_AGGRESSIVE;
				GCC_WARN_UNUSED_FUNCTION = YES;
				GCC_WARN_UNUSED_VARIABLE = YES;
				IPHONEOS_DEPLOYMENT_TARGET = 15.2;
				MTL_ENABLE_DEBUG_INFO = NO;
				MTL_FAST_MATH = YES;
				SDKROOT = iphoneos;
				SWIFT_COMPILATION_MODE = wholemodule;
				SWIFT_OPTIMIZATION_LEVEL = "-O";
				VALIDATE_PRODUCT = YES;
			};
			name = Release;
		};
		A83047432770A1B6003BCF52 /* Debug */ = {
			isa = XCBuildConfiguration;
			buildSettings = {
				ASSETCATALOG_COMPILER_APPICON_NAME = AppIcon;
				ASSETCATALOG_COMPILER_GLOBAL_ACCENT_COLOR_NAME = AccentColor;
				CODE_SIGN_STYLE = Automatic;
				CURRENT_PROJECT_VERSION = 1;
				DEVELOPMENT_TEAM = 68N5TZ5R7S;
				GENERATE_INFOPLIST_FILE = YES;
				INFOPLIST_FILE = FINAL_PROJECT/Info.plist;
				INFOPLIST_KEY_UIApplicationSupportsIndirectInputEvents = YES;
				INFOPLIST_KEY_UILaunchStoryboardName = LaunchScreen;
				INFOPLIST_KEY_UIMainStoryboardFile = Main;
				INFOPLIST_KEY_UISupportedInterfaceOrientations_iPad = "UIInterfaceOrientationPortrait UIInterfaceOrientationPortraitUpsideDown UIInterfaceOrientationLandscapeLeft UIInterfaceOrientationLandscapeRight";
				INFOPLIST_KEY_UISupportedInterfaceOrientations_iPhone = "UIInterfaceOrientationPortrait UIInterfaceOrientationLandscapeLeft UIInterfaceOrientationLandscapeRight";
				LD_RUNPATH_SEARCH_PATHS = (
					"$(inherited)",
					"@executable_path/Frameworks",
				);
				MARKETING_VERSION = 1.0;
				PRODUCT_BUNDLE_IDENTIFIER = "com.najdsaad.FINAL-PROJECT";
				PRODUCT_NAME = "$(TARGET_NAME)";
				SWIFT_EMIT_LOC_STRINGS = YES;
				SWIFT_VERSION = 5.0;
				TARGETED_DEVICE_FAMILY = "1,2";
			};
			name = Debug;
		};
		A83047442770A1B6003BCF52 /* Release */ = {
			isa = XCBuildConfiguration;
			buildSettings = {
				ASSETCATALOG_COMPILER_APPICON_NAME = AppIcon;
				ASSETCATALOG_COMPILER_GLOBAL_ACCENT_COLOR_NAME = AccentColor;
				CODE_SIGN_STYLE = Automatic;
				CURRENT_PROJECT_VERSION = 1;
				DEVELOPMENT_TEAM = 68N5TZ5R7S;
				GENERATE_INFOPLIST_FILE = YES;
				INFOPLIST_FILE = FINAL_PROJECT/Info.plist;
				INFOPLIST_KEY_UIApplicationSupportsIndirectInputEvents = YES;
				INFOPLIST_KEY_UILaunchStoryboardName = LaunchScreen;
				INFOPLIST_KEY_UIMainStoryboardFile = Main;
				INFOPLIST_KEY_UISupportedInterfaceOrientations_iPad = "UIInterfaceOrientationPortrait UIInterfaceOrientationPortraitUpsideDown UIInterfaceOrientationLandscapeLeft UIInterfaceOrientationLandscapeRight";
				INFOPLIST_KEY_UISupportedInterfaceOrientations_iPhone = "UIInterfaceOrientationPortrait UIInterfaceOrientationLandscapeLeft UIInterfaceOrientationLandscapeRight";
				LD_RUNPATH_SEARCH_PATHS = (
					"$(inherited)",
					"@executable_path/Frameworks",
				);
				MARKETING_VERSION = 1.0;
				PRODUCT_BUNDLE_IDENTIFIER = "com.najdsaad.FINAL-PROJECT";
				PRODUCT_NAME = "$(TARGET_NAME)";
				SWIFT_EMIT_LOC_STRINGS = YES;
				SWIFT_VERSION = 5.0;
				TARGETED_DEVICE_FAMILY = "1,2";
			};
			name = Release;
		};
/* End XCBuildConfiguration section */

/* Begin XCConfigurationList section */
		A83047292770A1B5003BCF52 /* Build configuration list for PBXProject "FINAL_PROJECT" */ = {
			isa = XCConfigurationList;
			buildConfigurations = (
				A83047402770A1B6003BCF52 /* Debug */,
				A83047412770A1B6003BCF52 /* Release */,
			);
			defaultConfigurationIsVisible = 0;
			defaultConfigurationName = Release;
		};
		A83047422770A1B6003BCF52 /* Build configuration list for PBXNativeTarget "FINAL_PROJECT" */ = {
			isa = XCConfigurationList;
			buildConfigurations = (
				A83047432770A1B6003BCF52 /* Debug */,
				A83047442770A1B6003BCF52 /* Release */,
			);
			defaultConfigurationIsVisible = 0;
			defaultConfigurationName = Release;
		};
/* End XCConfigurationList section */

/* Begin XCRemoteSwiftPackageReference section */
		A83047452770A260003BCF52 /* XCRemoteSwiftPackageReference "Alamofire" */ = {
			isa = XCRemoteSwiftPackageReference;
			repositoryURL = "https://github.com/Alamofire/Alamofire";
			requirement = {
				kind = upToNextMajorVersion;
				minimumVersion = 5.0.0;
			};
		};
		A83047482770A33D003BCF52 /* XCRemoteSwiftPackageReference "SwiftyJSON" */ = {
			isa = XCRemoteSwiftPackageReference;
			repositoryURL = "https://github.com/SwiftyJSON/SwiftyJSON";
			requirement = {
				kind = upToNextMajorVersion;
				minimumVersion = 5.0.0;
			};
		};
		A89A0F2D2778042B00656018 /* XCRemoteSwiftPackageReference "NVActivityIndicatorView" */ = {
			isa = XCRemoteSwiftPackageReference;
			repositoryURL = "https://github.com/ninjaprox/NVActivityIndicatorView";
			requirement = {
				kind = upToNextMajorVersion;
				minimumVersion = 5.0.0;
			};
		};
/* End XCRemoteSwiftPackageReference section */

/* Begin XCSwiftPackageProductDependency section */
		A83047462770A260003BCF52 /* Alamofire */ = {
			isa = XCSwiftPackageProductDependency;
			package = A83047452770A260003BCF52 /* XCRemoteSwiftPackageReference "Alamofire" */;
			productName = Alamofire;
		};
		A83047492770A33D003BCF52 /* SwiftyJSON */ = {
			isa = XCSwiftPackageProductDependency;
			package = A83047482770A33D003BCF52 /* XCRemoteSwiftPackageReference "SwiftyJSON" */;
			productName = SwiftyJSON;
		};
		A89A0F2E2778042C00656018 /* NVActivityIndicatorView */ = {
			isa = XCSwiftPackageProductDependency;
			package = A89A0F2D2778042B00656018 /* XCRemoteSwiftPackageReference "NVActivityIndicatorView" */;
			productName = NVActivityIndicatorView;
		};
		A89A0F302778042C00656018 /* NVActivityIndicatorViewExtended */ = {
			isa = XCSwiftPackageProductDependency;
			package = A89A0F2D2778042B00656018 /* XCRemoteSwiftPackageReference "NVActivityIndicatorView" */;
			productName = NVActivityIndicatorViewExtended;
		};
/* End XCSwiftPackageProductDependency section */
	};
	rootObject = A83047262770A1B5003BCF52 /* Project object */;
}
